
Microsoft Visual Studio Solution File, Format Version 9.00
# Visual Studio 2005
Project("{8BC9CEB8-8B4A-11D0-8D11-00A0C91BC942}") = "BthEmulAgent", "BthEmulManager\BthEmulAgent\BthEmulAgent.vcproj", "{D2B63751-060E-4791-9363-A76CAA25FEAB}"
EndProject
Project("{FAE04EC0-301F-11D3-BF4B-00C04F79EFBC}") = "BthEmulManagerPlugin", "BthEmulManager\BthEmulManagerPlugin\BthEmulManagerPlugin.csproj", "{8A4922A2-D8BC-45FC-84FB-BAEA64EEA5C6}"
	ProjectSection(ProjectDependencies) = postProject
		{1380C0D7-37D4-4721-AE99-A672C839F21C} = {1380C0D7-37D4-4721-AE99-A672C839F21C}
		{D2B63751-060E-4791-9363-A76CAA25FEAB} = {D2B63751-060E-4791-9363-A76CAA25FEAB}
		{D85E8B6D-9887-4F3C-AFC2-A8A70175D8BA} = {D85E8B6D-9887-4F3C-AFC2-A8A70175D8BA}
		{1421609E-ACFF-4C70-8DB8-5AB938F88E5D} = {1421609E-ACFF-4C70-8DB8-5AB938F88E5D}
		{6ABE71D8-5981-4CC2-8592-F7838855C96E} = {6ABE71D8-5981-4CC2-8592-F7838855C96E}
	EndProjectSection
EndProject
Project("{8BC9CEB8-8B4A-11D0-8D11-00A0C91BC942}") = "bthemul", "..\bthemul\bthemul.vcproj", "{1421609E-ACFF-4C70-8DB8-5AB938F88E5D}"
EndProject
Project("{8BC9CEB8-8B4A-11D0-8D11-00A0C91BC942}") = "bthemulcom", "..\bthemulcom\bthemulcom.vcproj", "{D85E8B6D-9887-4F3C-AFC2-A8A70175D8BA}"
EndProject
Project("{8BC9CEB8-8B4A-11D0-8D11-00A0C91BC942}") = "fbtrt", "..\freebt\src\runtime\fbtrt.vcproj", "{6ABE71D8-5981-4CC2-8592-F7838855C96E}"
EndProject
Project("{8BC9CEB8-8B4A-11D0-8D11-00A0C91BC942}") = "fbtlib", "..\freebt\src\lib\fbtlib.vcproj", "{1380C0D7-37D4-4721-AE99-A672C839F21C}"
EndProject
Global
	GlobalSection(SolutionConfigurationPlatforms) = preSolution
		Debug|Any CPU = Debug|Any CPU
		Debug|Mixed Platforms = Debug|Mixed Platforms
		Debug|Pocket PC 2003 (ARMV4) = Debug|Pocket PC 2003 (ARMV4)
		Debug|Smartphone 2003 (ARMV4) = Debug|Smartphone 2003 (ARMV4)
		Debug|STANDARDSDK_420 (ARMV4) = Debug|STANDARDSDK_420 (ARMV4)
		Debug|STANDARDSDK_500 (ARMV4I) = Debug|STANDARDSDK_500 (ARMV4I)
		Debug|Win32 = Debug|Win32
		Debug|Windows Mobile 5.0 Pocket PC SDK (ARMV4I) = Debug|Windows Mobile 5.0 Pocket PC SDK (ARMV4I)
		Debug|Windows Mobile 5.0 Smartphone SDK (ARMV4I) = Debug|Windows Mobile 5.0 Smartphone SDK (ARMV4I)
		Debug|Windows Mobile 6 Professional SDK (ARMV4I) = Debug|Windows Mobile 6 Professional SDK (ARMV4I)
		Debug|Windows Mobile 6 Standard SDK (ARMV4I) = Debug|Windows Mobile 6 Standard SDK (ARMV4I)
		Release|Any CPU = Release|Any CPU
		Release|Mixed Platforms = Release|Mixed Platforms
		Release|Pocket PC 2003 (ARMV4) = Release|Pocket PC 2003 (ARMV4)
		Release|Smartphone 2003 (ARMV4) = Release|Smartphone 2003 (ARMV4)
		Release|STANDARDSDK_420 (ARMV4) = Release|STANDARDSDK_420 (ARMV4)
		Release|STANDARDSDK_500 (ARMV4I) = Release|STANDARDSDK_500 (ARMV4I)
		Release|Win32 = Release|Win32
		Release|Windows Mobile 5.0 Pocket PC SDK (ARMV4I) = Release|Windows Mobile 5.0 Pocket PC SDK (ARMV4I)
		Release|Windows Mobile 5.0 Smartphone SDK (ARMV4I) = Release|Windows Mobile 5.0 Smartphone SDK (ARMV4I)
		Release|Windows Mobile 6 Professional SDK (ARMV4I) = Release|Windows Mobile 6 Professional SDK (ARMV4I)
		Release|Windows Mobile 6 Standard SDK (ARMV4I) = Release|Windows Mobile 6 Standard SDK (ARMV4I)
	EndGlobalSection
	GlobalSection(ProjectConfigurationPlatforms) = postSolution
		{D2B63751-060E-4791-9363-A76CAA25FEAB}.Debug|Any CPU.ActiveCfg = Debug|STANDARDSDK_500 (ARMV4I)
		{D2B63751-060E-4791-9363-A76CAA25FEAB}.Debug|Any CPU.Build.0 = Debug|STANDARDSDK_500 (ARMV4I)
		{D2B63751-060E-4791-9363-A76CAA25FEAB}.Debug|Mixed Platforms.ActiveCfg = Debug|STANDARDSDK_500 (ARMV4I)
		{D2B63751-060E-4791-9363-A76CAA25FEAB}.Debug|Mixed Platforms.Build.0 = Debug|STANDARDSDK_500 (ARMV4I)
		{D2B63751-060E-4791-9363-A76CAA25FEAB}.Debug|Mixed Platforms.Deploy.0 = Debug|STANDARDSDK_500 (ARMV4I)
		{D2B63751-060E-4791-9363-A76CAA25FEAB}.Debug|Pocket PC 2003 (ARMV4).ActiveCfg = Debug|STANDARDSDK_500 (MIPSIV_FP)
		{D2B63751-060E-4791-9363-A76CAA25FEAB}.Debug|Smartphone 2003 (ARMV4).ActiveCfg = Debug|STANDARDSDK_500 (MIPSIV_FP)
		{D2B63751-060E-4791-9363-A76CAA25FEAB}.Debug|STANDARDSDK_420 (ARMV4).ActiveCfg = Debug|STANDARDSDK_500 (ARMV4I)
		{D2B63751-060E-4791-9363-A76CAA25FEAB}.Debug|STANDARDSDK_420 (ARMV4).Build.0 = Debug|STANDARDSDK_500 (ARMV4I)
		{D2B63751-060E-4791-9363-A76CAA25FEAB}.Debug|STANDARDSDK_420 (ARMV4).Deploy.0 = Debug|STANDARDSDK_500 (ARMV4I)
		{D2B63751-060E-4791-9363-A76CAA25FEAB}.Debug|STANDARDSDK_500 (ARMV4I).ActiveCfg = Debug|STANDARDSDK_500 (ARMV4I)
		{D2B63751-060E-4791-9363-A76CAA25FEAB}.Debug|STANDARDSDK_500 (ARMV4I).Build.0 = Debug|STANDARDSDK_500 (ARMV4I)
		{D2B63751-060E-4791-9363-A76CAA25FEAB}.Debug|STANDARDSDK_500 (ARMV4I).Deploy.0 = Debug|STANDARDSDK_500 (ARMV4I)
		{D2B63751-060E-4791-9363-A76CAA25FEAB}.Debug|Win32.ActiveCfg = Debug|STANDARDSDK_500 (MIPSIV_FP)
		{D2B63751-060E-4791-9363-A76CAA25FEAB}.Debug|Windows Mobile 5.0 Pocket PC SDK (ARMV4I).ActiveCfg = Debug|STANDARDSDK_500 (MIPSIV_FP)
		{D2B63751-060E-4791-9363-A76CAA25FEAB}.Debug|Windows Mobile 5.0 Smartphone SDK (ARMV4I).ActiveCfg = Debug|STANDARDSDK_500 (MIPSIV_FP)
		{D2B63751-060E-4791-9363-A76CAA25FEAB}.Debug|Windows Mobile 6 Professional SDK (ARMV4I).ActiveCfg = Debug|STANDARDSDK_500 (MIPSIV_FP)
		{D2B63751-060E-4791-9363-A76CAA25FEAB}.Debug|Windows Mobile 6 Standard SDK (ARMV4I).ActiveCfg = Debug|STANDARDSDK_500 (MIPSIV_FP)
		{D2B63751-060E-4791-9363-A76CAA25FEAB}.Release|Any CPU.ActiveCfg = Release|STANDARDSDK_500 (ARMV4I)
		{D2B63751-060E-4791-9363-A76CAA25FEAB}.Release|Any CPU.Build.0 = Release|STANDARDSDK_500 (ARMV4I)
		{D2B63751-060E-4791-9363-A76CAA25FEAB}.Release|Mixed Platforms.ActiveCfg = Release|STANDARDSDK_500 (ARMV4I)
		{D2B63751-060E-4791-9363-A76CAA25FEAB}.Release|Mixed Platforms.Build.0 = Release|STANDARDSDK_500 (ARMV4I)
		{D2B63751-060E-4791-9363-A76CAA25FEAB}.Release|Mixed Platforms.Deploy.0 = Release|STANDARDSDK_500 (ARMV4I)
		{D2B63751-060E-4791-9363-A76CAA25FEAB}.Release|Pocket PC 2003 (ARMV4).ActiveCfg = Release|STANDARDSDK_500 (MIPSIV_FP)
		{D2B63751-060E-4791-9363-A76CAA25FEAB}.Release|Smartphone 2003 (ARMV4).ActiveCfg = Release|STANDARDSDK_500 (MIPSIV_FP)
		{D2B63751-060E-4791-9363-A76CAA25FEAB}.Release|STANDARDSDK_420 (ARMV4).ActiveCfg = Release|STANDARDSDK_500 (ARMV4I)
		{D2B63751-060E-4791-9363-A76CAA25FEAB}.Release|STANDARDSDK_420 (ARMV4).Build.0 = Release|STANDARDSDK_500 (ARMV4I)
		{D2B63751-060E-4791-9363-A76CAA25FEAB}.Release|STANDARDSDK_420 (ARMV4).Deploy.0 = Release|STANDARDSDK_500 (ARMV4I)
		{D2B63751-060E-4791-9363-A76CAA25FEAB}.Release|STANDARDSDK_500 (ARMV4I).ActiveCfg = Release|STANDARDSDK_500 (ARMV4I)
		{D2B63751-060E-4791-9363-A76CAA25FEAB}.Release|STANDARDSDK_500 (ARMV4I).Build.0 = Release|STANDARDSDK_500 (ARMV4I)
		{D2B63751-060E-4791-9363-A76CAA25FEAB}.Release|STANDARDSDK_500 (ARMV4I).Deploy.0 = Release|STANDARDSDK_500 (ARMV4I)
		{D2B63751-060E-4791-9363-A76CAA25FEAB}.Release|Win32.ActiveCfg = Release|STANDARDSDK_500 (MIPSIV_FP)
		{D2B63751-060E-4791-9363-A76CAA25FEAB}.Release|Windows Mobile 5.0 Pocket PC SDK (ARMV4I).ActiveCfg = Release|STANDARDSDK_500 (MIPSIV_FP)
		{D2B63751-060E-4791-9363-A76CAA25FEAB}.Release|Windows Mobile 5.0 Smartphone SDK (ARMV4I).ActiveCfg = Release|STANDARDSDK_500 (MIPSIV_FP)
		{D2B63751-060E-4791-9363-A76CAA25FEAB}.Release|Windows Mobile 6 Professional SDK (ARMV4I).ActiveCfg = Release|STANDARDSDK_500 (MIPSIV_FP)
		{D2B63751-060E-4791-9363-A76CAA25FEAB}.Release|Windows Mobile 6 Standard SDK (ARMV4I).ActiveCfg = Release|STANDARDSDK_500 (MIPSIV_FP)
		{8A4922A2-D8BC-45FC-84FB-BAEA64EEA5C6}.Debug|Any CPU.ActiveCfg = Debug|Any CPU
		{8A4922A2-D8BC-45FC-84FB-BAEA64EEA5C6}.Debug|Any CPU.Build.0 = Debug|Any CPU
		{8A4922A2-D8BC-45FC-84FB-BAEA64EEA5C6}.Debug|Mixed Platforms.ActiveCfg = Debug|Any CPU
		{8A4922A2-D8BC-45FC-84FB-BAEA64EEA5C6}.Debug|Mixed Platforms.Build.0 = Debug|Any CPU
		{8A4922A2-D8BC-45FC-84FB-BAEA64EEA5C6}.Debug|Pocket PC 2003 (ARMV4).ActiveCfg = Debug|Any CPU
		{8A4922A2-D8BC-45FC-84FB-BAEA64EEA5C6}.Debug|Smartphone 2003 (ARMV4).ActiveCfg = Debug|Any CPU
		{8A4922A2-D8BC-45FC-84FB-BAEA64EEA5C6}.Debug|STANDARDSDK_420 (ARMV4).ActiveCfg = Debug|Any CPU
		{8A4922A2-D8BC-45FC-84FB-BAEA64EEA5C6}.Debug|STANDARDSDK_420 (ARMV4).Build.0 = Debug|Any CPU
		{8A4922A2-D8BC-45FC-84FB-BAEA64EEA5C6}.Debug|STANDARDSDK_500 (ARMV4I).ActiveCfg = Debug|Any CPU
		{8A4922A2-D8BC-45FC-84FB-BAEA64EEA5C6}.Debug|STANDARDSDK_500 (ARMV4I).Build.0 = Debug|Any CPU
		{8A4922A2-D8BC-45FC-84FB-BAEA64EEA5C6}.Debug|Win32.ActiveCfg = Debug|Any CPU
		{8A4922A2-D8BC-45FC-84FB-BAEA64EEA5C6}.Debug|Windows Mobile 5.0 Pocket PC SDK (ARMV4I).ActiveCfg = Debug|Any CPU
		{8A4922A2-D8BC-45FC-84FB-BAEA64EEA5C6}.Debug|Windows Mobile 5.0 Smartphone SDK (ARMV4I).ActiveCfg = Debug|Any CPU
		{8A4922A2-D8BC-45FC-84FB-BAEA64EEA5C6}.Debug|Windows Mobile 6 Professional SDK (ARMV4I).ActiveCfg = Debug|Any CPU
		{8A4922A2-D8BC-45FC-84FB-BAEA64EEA5C6}.Debug|Windows Mobile 6 Standard SDK (ARMV4I).ActiveCfg = Debug|Any CPU
		{8A4922A2-D8BC-45FC-84FB-BAEA64EEA5C6}.Release|Any CPU.ActiveCfg = Release|Any CPU
		{8A4922A2-D8BC-45FC-84FB-BAEA64EEA5C6}.Release|Any CPU.Build.0 = Release|Any CPU
		{8A4922A2-D8BC-45FC-84FB-BAEA64EEA5C6}.Release|Mixed Platforms.ActiveCfg = Release|Any CPU
		{8A4922A2-D8BC-45FC-84FB-BAEA64EEA5C6}.Release|Mixed Platforms.Build.0 = Release|Any CPU
		{8A4922A2-D8BC-45FC-84FB-BAEA64EEA5C6}.Release|Pocket PC 2003 (ARMV4).ActiveCfg = Release|Any CPU
		{8A4922A2-D8BC-45FC-84FB-BAEA64EEA5C6}.Release|Smartphone 2003 (ARMV4).ActiveCfg = Release|Any CPU
		{8A4922A2-D8BC-45FC-84FB-BAEA64EEA5C6}.Release|STANDARDSDK_420 (ARMV4).ActiveCfg = Release|Any CPU
		{8A4922A2-D8BC-45FC-84FB-BAEA64EEA5C6}.Release|STANDARDSDK_500 (ARMV4I).ActiveCfg = Release|Any CPU
		{8A4922A2-D8BC-45FC-84FB-BAEA64EEA5C6}.Release|Win32.ActiveCfg = Release|Any CPU
		{8A4922A2-D8BC-45FC-84FB-BAEA64EEA5C6}.Release|Windows Mobile 5.0 Pocket PC SDK (ARMV4I).ActiveCfg = Release|Any CPU
		{8A4922A2-D8BC-45FC-84FB-BAEA64EEA5C6}.Release|Windows Mobile 5.0 Smartphone SDK (ARMV4I).ActiveCfg = Release|Any CPU
		{8A4922A2-D8BC-45FC-84FB-BAEA64EEA5C6}.Release|Windows Mobile 6 Professional SDK (ARMV4I).ActiveCfg = Release|Any CPU
		{8A4922A2-D8BC-45FC-84FB-BAEA64EEA5C6}.Release|Windows Mobile 6 Standard SDK (ARMV4I).ActiveCfg = Release|Any CPU
		{1421609E-ACFF-4C70-8DB8-5AB938F88E5D}.Debug|Any CPU.ActiveCfg = Debug|STANDARDSDK_500 (ARMV4I)
		{1421609E-ACFF-4C70-8DB8-5AB938F88E5D}.Debug|Any CPU.Build.0 = Debug|STANDARDSDK_500 (ARMV4I)
		{1421609E-ACFF-4C70-8DB8-5AB938F88E5D}.Debug|Mixed Platforms.ActiveCfg = Debug|STANDARDSDK_500 (ARMV4I)
		{1421609E-ACFF-4C70-8DB8-5AB938F88E5D}.Debug|Mixed Platforms.Build.0 = Debug|STANDARDSDK_500 (ARMV4I)
		{1421609E-ACFF-4C70-8DB8-5AB938F88E5D}.Debug|Mixed Platforms.Deploy.0 = Debug|STANDARDSDK_500 (ARMV4I)
		{1421609E-ACFF-4C70-8DB8-5AB938F88E5D}.Debug|Pocket PC 2003 (ARMV4).ActiveCfg = Debug|STANDARDSDK_500 (ARMV4I)
		{1421609E-ACFF-4C70-8DB8-5AB938F88E5D}.Debug|Smartphone 2003 (ARMV4).ActiveCfg = Debug|STANDARDSDK_500 (ARMV4I)
		{1421609E-ACFF-4C70-8DB8-5AB938F88E5D}.Debug|STANDARDSDK_420 (ARMV4).ActiveCfg = Debug|STANDARDSDK_500 (ARMV4I)
		{1421609E-ACFF-4C70-8DB8-5AB938F88E5D}.Debug|STANDARDSDK_420 (ARMV4).Build.0 = Debug|STANDARDSDK_500 (ARMV4I)
		{1421609E-ACFF-4C70-8DB8-5AB938F88E5D}.Debug|STANDARDSDK_420 (ARMV4).Deploy.0 = Debug|STANDARDSDK_500 (ARMV4I)
		{1421609E-ACFF-4C70-8DB8-5AB938F88E5D}.Debug|STANDARDSDK_500 (ARMV4I).ActiveCfg = Debug|STANDARDSDK_500 (ARMV4I)
		{1421609E-ACFF-4C70-8DB8-5AB938F88E5D}.Debug|STANDARDSDK_500 (ARMV4I).Build.0 = Debug|STANDARDSDK_500 (ARMV4I)
		{1421609E-ACFF-4C70-8DB8-5AB938F88E5D}.Debug|STANDARDSDK_500 (ARMV4I).Deploy.0 = Debug|STANDARDSDK_500 (ARMV4I)
		{1421609E-ACFF-4C70-8DB8-5AB938F88E5D}.Debug|Win32.ActiveCfg = Debug|Windows Mobile 5.0 Pocket PC SDK (ARMV4I)
		{1421609E-ACFF-4C70-8DB8-5AB938F88E5D}.Debug|Windows Mobile 5.0 Pocket PC SDK (ARMV4I).ActiveCfg = Debug|Windows Mobile 5.0 Pocket PC SDK (ARMV4I)
		{1421609E-ACFF-4C70-8DB8-5AB938F88E5D}.Debug|Windows Mobile 5.0 Pocket PC SDK (ARMV4I).Build.0 = Debug|Windows Mobile 5.0 Pocket PC SDK (ARMV4I)
		{1421609E-ACFF-4C70-8DB8-5AB938F88E5D}.Debug|Windows Mobile 5.0 Pocket PC SDK (ARMV4I).Deploy.0 = Debug|Windows Mobile 5.0 Pocket PC SDK (ARMV4I)
		{1421609E-ACFF-4C70-8DB8-5AB938F88E5D}.Debug|Windows Mobile 5.0 Smartphone SDK (ARMV4I).ActiveCfg = Debug|Windows Mobile 5.0 Pocket PC SDK (ARMV4I)
		{1421609E-ACFF-4C70-8DB8-5AB938F88E5D}.Debug|Windows Mobile 6 Professional SDK (ARMV4I).ActiveCfg = Debug|Windows Mobile 6 Professional SDK (ARMV4I)
		{1421609E-ACFF-4C70-8DB8-5AB938F88E5D}.Debug|Windows Mobile 6 Professional SDK (ARMV4I).Build.0 = Debug|Windows Mobile 6 Professional SDK (ARMV4I)
		{1421609E-ACFF-4C70-8DB8-5AB938F88E5D}.Debug|Windows Mobile 6 Professional SDK (ARMV4I).Deploy.0 = Debug|Windows Mobile 6 Professional SDK (ARMV4I)
		{1421609E-ACFF-4C70-8DB8-5AB938F88E5D}.Debug|Windows Mobile 6 Standard SDK (ARMV4I).ActiveCfg = Debug|Windows Mobile 6 Professional SDK (ARMV4I)
		{1421609E-ACFF-4C70-8DB8-5AB938F88E5D}.Release|Any CPU.ActiveCfg = Release|STANDARDSDK_500 (ARMV4I)
		{1421609E-ACFF-4C70-8DB8-5AB938F88E5D}.Release|Any CPU.Build.0 = Release|STANDARDSDK_500 (ARMV4I)
		{1421609E-ACFF-4C70-8DB8-5AB938F88E5D}.Release|Mixed Platforms.ActiveCfg = Release|STANDARDSDK_500 (ARMV4I)
		{1421609E-ACFF-4C70-8DB8-5AB938F88E5D}.Release|Mixed Platforms.Build.0 = Release|STANDARDSDK_500 (ARMV4I)
		{1421609E-ACFF-4C70-8DB8-5AB938F88E5D}.Release|Mixed Platforms.Deploy.0 = Release|STANDARDSDK_500 (ARMV4I)
		{1421609E-ACFF-4C70-8DB8-5AB938F88E5D}.Release|Pocket PC 2003 (ARMV4).ActiveCfg = Release|STANDARDSDK_500 (ARMV4I)
		{1421609E-ACFF-4C70-8DB8-5AB938F88E5D}.Release|Smartphone 2003 (ARMV4).ActiveCfg = Release|STANDARDSDK_500 (ARMV4I)
		{1421609E-ACFF-4C70-8DB8-5AB938F88E5D}.Release|STANDARDSDK_420 (ARMV4).ActiveCfg = Release|STANDARDSDK_500 (ARMV4I)
		{1421609E-ACFF-4C70-8DB8-5AB938F88E5D}.Release|STANDARDSDK_420 (ARMV4).Build.0 = Release|STANDARDSDK_500 (ARMV4I)
		{1421609E-ACFF-4C70-8DB8-5AB938F88E5D}.Release|STANDARDSDK_420 (ARMV4).Deploy.0 = Release|STANDARDSDK_500 (ARMV4I)
		{1421609E-ACFF-4C70-8DB8-5AB938F88E5D}.Release|STANDARDSDK_500 (ARMV4I).ActiveCfg = Release|STANDARDSDK_500 (ARMV4I)
		{1421609E-ACFF-4C70-8DB8-5AB938F88E5D}.Release|STANDARDSDK_500 (ARMV4I).Build.0 = Release|STANDARDSDK_500 (ARMV4I)
		{1421609E-ACFF-4C70-8DB8-5AB938F88E5D}.Release|STANDARDSDK_500 (ARMV4I).Deploy.0 = Release|STANDARDSDK_500 (ARMV4I)
		{1421609E-ACFF-4C70-8DB8-5AB938F88E5D}.Release|Win32.ActiveCfg = Release|Windows Mobile 5.0 Pocket PC SDK (ARMV4I)
		{1421609E-ACFF-4C70-8DB8-5AB938F88E5D}.Release|Windows Mobile 5.0 Pocket PC SDK (ARMV4I).ActiveCfg = Release|Windows Mobile 5.0 Pocket PC SDK (ARMV4I)
		{1421609E-ACFF-4C70-8DB8-5AB938F88E5D}.Release|Windows Mobile 5.0 Pocket PC SDK (ARMV4I).Build.0 = Release|Windows Mobile 5.0 Pocket PC SDK (ARMV4I)
		{1421609E-ACFF-4C70-8DB8-5AB938F88E5D}.Release|Windows Mobile 5.0 Pocket PC SDK (ARMV4I).Deploy.0 = Release|Windows Mobile 5.0 Pocket PC SDK (ARMV4I)
		{1421609E-ACFF-4C70-8DB8-5AB938F88E5D}.Release|Windows Mobile 5.0 Smartphone SDK (ARMV4I).ActiveCfg = Release|Windows Mobile 5.0 Pocket PC SDK (ARMV4I)
		{1421609E-ACFF-4C70-8DB8-5AB938F88E5D}.Release|Windows Mobile 6 Professional SDK (ARMV4I).ActiveCfg = Release|Windows Mobile 6 Professional SDK (ARMV4I)
		{1421609E-ACFF-4C70-8DB8-5AB938F88E5D}.Release|Windows Mobile 6 Professional SDK (ARMV4I).Build.0 = Release|Windows Mobile 6 Professional SDK (ARMV4I)
		{1421609E-ACFF-4C70-8DB8-5AB938F88E5D}.Release|Windows Mobile 6 Professional SDK (ARMV4I).Deploy.0 = Release|Windows Mobile 6 Professional SDK (ARMV4I)
		{1421609E-ACFF-4C70-8DB8-5AB938F88E5D}.Release|Windows Mobile 6 Standard SDK (ARMV4I).ActiveCfg = Release|Windows Mobile 6 Professional SDK (ARMV4I)
		{D85E8B6D-9887-4F3C-AFC2-A8A70175D8BA}.Debug|Any CPU.ActiveCfg = Debug|STANDARDSDK_500 (ARMV4I)
		{D85E8B6D-9887-4F3C-AFC2-A8A70175D8BA}.Debug|Any CPU.Build.0 = Debug|STANDARDSDK_500 (ARMV4I)
		{D85E8B6D-9887-4F3C-AFC2-A8A70175D8BA}.Debug|Mixed Platforms.ActiveCfg = Debug|STANDARDSDK_500 (ARMV4I)
		{D85E8B6D-9887-4F3C-AFC2-A8A70175D8BA}.Debug|Mixed Platforms.Build.0 = Debug|STANDARDSDK_500 (ARMV4I)
		{D85E8B6D-9887-4F3C-AFC2-A8A70175D8BA}.Debug|Mixed Platforms.Deploy.0 = Debug|STANDARDSDK_500 (ARMV4I)
		{D85E8B6D-9887-4F3C-AFC2-A8A70175D8BA}.Debug|Pocket PC 2003 (ARMV4).ActiveCfg = Debug|STANDARDSDK_500 (ARMV4I)
		{D85E8B6D-9887-4F3C-AFC2-A8A70175D8BA}.Debug|Smartphone 2003 (ARMV4).ActiveCfg = Debug|STANDARDSDK_500 (ARMV4I)
		{D85E8B6D-9887-4F3C-AFC2-A8A70175D8BA}.Debug|STANDARDSDK_420 (ARMV4).ActiveCfg = Debug|STANDARDSDK_500 (ARMV4I)
		{D85E8B6D-9887-4F3C-AFC2-A8A70175D8BA}.Debug|STANDARDSDK_420 (ARMV4).Build.0 = Debug|STANDARDSDK_500 (ARMV4I)
		{D85E8B6D-9887-4F3C-AFC2-A8A70175D8BA}.Debug|STANDARDSDK_420 (ARMV4).Deploy.0 = Debug|STANDARDSDK_500 (ARMV4I)
		{D85E8B6D-9887-4F3C-AFC2-A8A70175D8BA}.Debug|STANDARDSDK_500 (ARMV4I).ActiveCfg = Debug|STANDARDSDK_500 (ARMV4I)
		{D85E8B6D-9887-4F3C-AFC2-A8A70175D8BA}.Debug|STANDARDSDK_500 (ARMV4I).Build.0 = Debug|STANDARDSDK_500 (ARMV4I)
		{D85E8B6D-9887-4F3C-AFC2-A8A70175D8BA}.Debug|STANDARDSDK_500 (ARMV4I).Deploy.0 = Debug|STANDARDSDK_500 (ARMV4I)
		{D85E8B6D-9887-4F3C-AFC2-A8A70175D8BA}.Debug|Win32.ActiveCfg = Debug|Windows Mobile 6 Standard SDK (ARMV4I)
		{D85E8B6D-9887-4F3C-AFC2-A8A70175D8BA}.Debug|Windows Mobile 5.0 Pocket PC SDK (ARMV4I).ActiveCfg = Debug|Windows Mobile 5.0 Pocket PC SDK (ARMV4I)
		{D85E8B6D-9887-4F3C-AFC2-A8A70175D8BA}.Debug|Windows Mobile 5.0 Pocket PC SDK (ARMV4I).Build.0 = Debug|Windows Mobile 5.0 Pocket PC SDK (ARMV4I)
		{D85E8B6D-9887-4F3C-AFC2-A8A70175D8BA}.Debug|Windows Mobile 5.0 Pocket PC SDK (ARMV4I).Deploy.0 = Debug|Windows Mobile 5.0 Pocket PC SDK (ARMV4I)
		{D85E8B6D-9887-4F3C-AFC2-A8A70175D8BA}.Debug|Windows Mobile 5.0 Smartphone SDK (ARMV4I).ActiveCfg = Debug|Windows Mobile 5.0 Smartphone SDK (ARMV4I)
		{D85E8B6D-9887-4F3C-AFC2-A8A70175D8BA}.Debug|Windows Mobile 5.0 Smartphone SDK (ARMV4I).Build.0 = Debug|Windows Mobile 5.0 Smartphone SDK (ARMV4I)
		{D85E8B6D-9887-4F3C-AFC2-A8A70175D8BA}.Debug|Windows Mobile 5.0 Smartphone SDK (ARMV4I).Deploy.0 = Debug|Windows Mobile 5.0 Smartphone SDK (ARMV4I)
		{D85E8B6D-9887-4F3C-AFC2-A8A70175D8BA}.Debug|Windows Mobile 6 Professional SDK (ARMV4I).ActiveCfg = Debug|Windows Mobile 6 Professional SDK (ARMV4I)
		{D85E8B6D-9887-4F3C-AFC2-A8A70175D8BA}.Debug|Windows Mobile 6 Professional SDK (ARMV4I).Build.0 = Debug|Windows Mobile 6 Professional SDK (ARMV4I)
		{D85E8B6D-9887-4F3C-AFC2-A8A70175D8BA}.Debug|Windows Mobile 6 Professional SDK (ARMV4I).Deploy.0 = Debug|Windows Mobile 6 Professional SDK (ARMV4I)
		{D85E8B6D-9887-4F3C-AFC2-A8A70175D8BA}.Debug|Windows Mobile 6 Standard SDK (ARMV4I).ActiveCfg = Debug|Windows Mobile 6 Standard SDK (ARMV4I)
		{D85E8B6D-9887-4F3C-AFC2-A8A70175D8BA}.Debug|Windows Mobile 6 Standard SDK (ARMV4I).Build.0 = Debug|Windows Mobile 6 Standard SDK (ARMV4I)
		{D85E8B6D-9887-4F3C-AFC2-A8A70175D8BA}.Debug|Windows Mobile 6 Standard SDK (ARMV4I).Deploy.0 = Debug|Windows Mobile 6 Standard SDK (ARMV4I)
		{D85E8B6D-9887-4F3C-AFC2-A8A70175D8BA}.Release|Any CPU.ActiveCfg = Release|STANDARDSDK_500 (ARMV4I)
		{D85E8B6D-9887-4F3C-AFC2-A8A70175D8BA}.Release|Any CPU.Build.0 = Release|STANDARDSDK_500 (ARMV4I)
		{D85E8B6D-9887-4F3C-AFC2-A8A70175D8BA}.Release|Mixed Platforms.ActiveCfg = Release|STANDARDSDK_500 (ARMV4I)
		{D85E8B6D-9887-4F3C-AFC2-A8A70175D8BA}.Release|Mixed Platforms.Build.0 = Release|STANDARDSDK_500 (ARMV4I)
		{D85E8B6D-9887-4F3C-AFC2-A8A70175D8BA}.Release|Mixed Platforms.Deploy.0 = Release|STANDARDSDK_500 (ARMV4I)
		{D85E8B6D-9887-4F3C-AFC2-A8A70175D8BA}.Release|Pocket PC 2003 (ARMV4).ActiveCfg = Release|STANDARDSDK_500 (ARMV4I)
		{D85E8B6D-9887-4F3C-AFC2-A8A70175D8BA}.Release|Smartphone 2003 (ARMV4).ActiveCfg = Release|STANDARDSDK_500 (ARMV4I)
		{D85E8B6D-9887-4F3C-AFC2-A8A70175D8BA}.Release|STANDARDSDK_420 (ARMV4).ActiveCfg = Release|STANDARDSDK_500 (ARMV4I)
		{D85E8B6D-9887-4F3C-AFC2-A8A70175D8BA}.Release|STANDARDSDK_420 (ARMV4).Build.0 = Release|STANDARDSDK_500 (ARMV4I)
		{D85E8B6D-9887-4F3C-AFC2-A8A70175D8BA}.Release|STANDARDSDK_420 (ARMV4).Deploy.0 = Release|STANDARDSDK_500 (ARMV4I)
		{D85E8B6D-9887-4F3C-AFC2-A8A70175D8BA}.Release|STANDARDSDK_500 (ARMV4I).ActiveCfg = Release|STANDARDSDK_500 (ARMV4I)
		{D85E8B6D-9887-4F3C-AFC2-A8A70175D8BA}.Release|STANDARDSDK_500 (ARMV4I).Build.0 = Release|STANDARDSDK_500 (ARMV4I)
		{D85E8B6D-9887-4F3C-AFC2-A8A70175D8BA}.Release|STANDARDSDK_500 (ARMV4I).Deploy.0 = Release|STANDARDSDK_500 (ARMV4I)
		{D85E8B6D-9887-4F3C-AFC2-A8A70175D8BA}.Release|Win32.ActiveCfg = Release|Windows Mobile 6 Standard SDK (ARMV4I)
		{D85E8B6D-9887-4F3C-AFC2-A8A70175D8BA}.Release|Windows Mobile 5.0 Pocket PC SDK (ARMV4I).ActiveCfg = Release|Windows Mobile 5.0 Pocket PC SDK (ARMV4I)
		{D85E8B6D-9887-4F3C-AFC2-A8A70175D8BA}.Release|Windows Mobile 5.0 Pocket PC SDK (ARMV4I).Build.0 = Release|Windows Mobile 5.0 Pocket PC SDK (ARMV4I)
		{D85E8B6D-9887-4F3C-AFC2-A8A70175D8BA}.Release|Windows Mobile 5.0 Pocket PC SDK (ARMV4I).Deploy.0 = Release|Windows Mobile 5.0 Pocket PC SDK (ARMV4I)
		{D85E8B6D-9887-4F3C-AFC2-A8A70175D8BA}.Release|Windows Mobile 5.0 Smartphone SDK (ARMV4I).ActiveCfg = Release|Windows Mobile 5.0 Smartphone SDK (ARMV4I)
		{D85E8B6D-9887-4F3C-AFC2-A8A70175D8BA}.Release|Windows Mobile 5.0 Smartphone SDK (ARMV4I).Build.0 = Release|Windows Mobile 5.0 Smartphone SDK (ARMV4I)
		{D85E8B6D-9887-4F3C-AFC2-A8A70175D8BA}.Release|Windows Mobile 5.0 Smartphone SDK (ARMV4I).Deploy.0 = Release|Windows Mobile 5.0 Smartphone SDK (ARMV4I)
		{D85E8B6D-9887-4F3C-AFC2-A8A70175D8BA}.Release|Windows Mobile 6 Professional SDK (ARMV4I).ActiveCfg = Release|Windows Mobile 6 Professional SDK (ARMV4I)
		{D85E8B6D-9887-4F3C-AFC2-A8A70175D8BA}.Release|Windows Mobile 6 Professional SDK (ARMV4I).Build.0 = Release|Windows Mobile 6 Professional SDK (ARMV4I)
		{D85E8B6D-9887-4F3C-AFC2-A8A70175D8BA}.Release|Windows Mobile 6 Professional SDK (ARMV4I).Deploy.0 = Release|Windows Mobile 6 Professional SDK (ARMV4I)
		{D85E8B6D-9887-4F3C-AFC2-A8A70175D8BA}.Release|Windows Mobile 6 Standard SDK (ARMV4I).ActiveCfg = Release|Windows Mobile 6 Standard SDK (ARMV4I)
		{D85E8B6D-9887-4F3C-AFC2-A8A70175D8BA}.Release|Windows Mobile 6 Standard SDK (ARMV4I).Build.0 = Release|Windows Mobile 6 Standard SDK (ARMV4I)
		{D85E8B6D-9887-4F3C-AFC2-A8A70175D8BA}.Release|Windows Mobile 6 Standard SDK (ARMV4I).Deploy.0 = Release|Windows Mobile 6 Standard SDK (ARMV4I)
		{6ABE71D8-5981-4CC2-8592-F7838855C96E}.Debug|Any CPU.ActiveCfg = Debug|Win32
		{6ABE71D8-5981-4CC2-8592-F7838855C96E}.Debug|Any CPU.Build.0 = Debug|Win32
		{6ABE71D8-5981-4CC2-8592-F7838855C96E}.Debug|Mixed Platforms.ActiveCfg = Debug|Win32
		{6ABE71D8-5981-4CC2-8592-F7838855C96E}.Debug|Mixed Platforms.Build.0 = Debug|Win32
		{6ABE71D8-5981-4CC2-8592-F7838855C96E}.Debug|Pocket PC 2003 (ARMV4).ActiveCfg = Debug|Win32
		{6ABE71D8-5981-4CC2-8592-F7838855C96E}.Debug|Smartphone 2003 (ARMV4).ActiveCfg = Debug|Win32
		{6ABE71D8-5981-4CC2-8592-F7838855C96E}.Debug|STANDARDSDK_420 (ARMV4).ActiveCfg = Debug|Win32
		{6ABE71D8-5981-4CC2-8592-F7838855C96E}.Debug|STANDARDSDK_500 (ARMV4I).ActiveCfg = Debug|Win32
		{6ABE71D8-5981-4CC2-8592-F7838855C96E}.Debug|Win32.ActiveCfg = Debug|Win32
		{6ABE71D8-5981-4CC2-8592-F7838855C96E}.Debug|Win32.Build.0 = Debug|Win32
		{6ABE71D8-5981-4CC2-8592-F7838855C96E}.Debug|Windows Mobile 5.0 Pocket PC SDK (ARMV4I).ActiveCfg = Debug|Win32
		{6ABE71D8-5981-4CC2-8592-F7838855C96E}.Debug|Windows Mobile 5.0 Smartphone SDK (ARMV4I).ActiveCfg = Debug|Win32
		{6ABE71D8-5981-4CC2-8592-F7838855C96E}.Debug|Windows Mobile 6 Professional SDK (ARMV4I).ActiveCfg = Debug|Win32
		{6ABE71D8-5981-4CC2-8592-F7838855C96E}.Debug|Windows Mobile 6 Standard SDK (ARMV4I).ActiveCfg = Debug|Win32
		{6ABE71D8-5981-4CC2-8592-F7838855C96E}.Release|Any CPU.ActiveCfg = Release|Win32
		{6ABE71D8-5981-4CC2-8592-F7838855C96E}.Release|Any CPU.Build.0 = Release|Win32
		{6ABE71D8-5981-4CC2-8592-F7838855C96E}.Release|Mixed Platforms.ActiveCfg = Release|Win32
		{6ABE71D8-5981-4CC2-8592-F7838855C96E}.Release|Mixed Platforms.Build.0 = Release|Win32
		{6ABE71D8-5981-4CC2-8592-F7838855C96E}.Release|Pocket PC 2003 (ARMV4).ActiveCfg = Release|Win32
		{6ABE71D8-5981-4CC2-8592-F7838855C96E}.Release|Smartphone 2003 (ARMV4).ActiveCfg = Release|Win32
		{6ABE71D8-5981-4CC2-8592-F7838855C96E}.Release|STANDARDSDK_420 (ARMV4).ActiveCfg = Release|Win32
		{6ABE71D8-5981-4CC2-8592-F7838855C96E}.Release|STANDARDSDK_500 (ARMV4I).ActiveCfg = Release|Win32
		{6ABE71D8-5981-4CC2-8592-F7838855C96E}.Release|Win32.ActiveCfg = Release|Win32
		{6ABE71D8-5981-4CC2-8592-F7838855C96E}.Release|Win32.Build.0 = Release|Win32
		{6ABE71D8-5981-4CC2-8592-F7838855C96E}.Release|Windows Mobile 5.0 Pocket PC SDK (ARMV4I).ActiveCfg = Release|Win32
		{6ABE71D8-5981-4CC2-8592-F7838855C96E}.Release|Windows Mobile 5.0 Smartphone SDK (ARMV4I).ActiveCfg = Release|Win32
		{6ABE71D8-5981-4CC2-8592-F7838855C96E}.Release|Windows Mobile 6 Professional SDK (ARMV4I).ActiveCfg = Release|Win32
		{6ABE71D8-5981-4CC2-8592-F7838855C96E}.Release|Windows Mobile 6 Standard SDK (ARMV4I).ActiveCfg = Release|Win32
		{1380C0D7-37D4-4721-AE99-A672C839F21C}.Debug|Any CPU.ActiveCfg = Debug|Win32
		{1380C0D7-37D4-4721-AE99-A672C839F21C}.Debug|Any CPU.Build.0 = Debug|Win32
		{1380C0D7-37D4-4721-AE99-A672C839F21C}.Debug|Mixed Platforms.ActiveCfg = Debug|Win32
		{1380C0D7-37D4-4721-AE99-A672C839F21C}.Debug|Mixed Platforms.Build.0 = Debug|Win32
		{1380C0D7-37D4-4721-AE99-A672C839F21C}.Debug|Pocket PC 2003 (ARMV4).ActiveCfg = Debug|Win32
		{1380C0D7-37D4-4721-AE99-A672C839F21C}.Debug|Smartphone 2003 (ARMV4).ActiveCfg = Debug|Win32
		{1380C0D7-37D4-4721-AE99-A672C839F21C}.Debug|STANDARDSDK_420 (ARMV4).ActiveCfg = Debug|Win32
		{1380C0D7-37D4-4721-AE99-A672C839F21C}.Debug|STANDARDSDK_500 (ARMV4I).ActiveCfg = Debug|Win32
		{1380C0D7-37D4-4721-AE99-A672C839F21C}.Debug|Win32.ActiveCfg = Debug|Win32
		{1380C0D7-37D4-4721-AE99-A672C839F21C}.Debug|Win32.Build.0 = Debug|Win32
		{1380C0D7-37D4-4721-AE99-A672C839F21C}.Debug|Windows Mobile 5.0 Pocket PC SDK (ARMV4I).ActiveCfg = Debug|Win32
		{1380C0D7-37D4-4721-AE99-A672C839F21C}.Debug|Windows Mobile 5.0 Smartphone SDK (ARMV4I).ActiveCfg = Debug|Win32
		{1380C0D7-37D4-4721-AE99-A672C839F21C}.Debug|Windows Mobile 6 Professional SDK (ARMV4I).ActiveCfg = Debug|Win32
		{1380C0D7-37D4-4721-AE99-A672C839F21C}.Debug|Windows Mobile 6 Standard SDK (ARMV4I).ActiveCfg = Debug|Win32
		{1380C0D7-37D4-4721-AE99-A672C839F21C}.Release|Any CPU.ActiveCfg = Release|Win32
		{1380C0D7-37D4-4721-AE99-A672C839F21C}.Release|Any CPU.Build.0 = Release|Win32
		{1380C0D7-37D4-4721-AE99-A672C839F21C}.Release|Mixed Platforms.ActiveCfg = Release|Win32
		{1380C0D7-37D4-4721-AE99-A672C839F21C}.Release|Mixed Platforms.Build.0 = Release|Win32
		{1380C0D7-37D4-4721-AE99-A672C839F21C}.Release|Pocket PC 2003 (ARMV4).ActiveCfg = Release|Win32
		{1380C0D7-37D4-4721-AE99-A672C839F21C}.Release|Smartphone 2003 (ARMV4).ActiveCfg = Release|Win32
		{1380C0D7-37D4-4721-AE99-A672C839F21C}.Release|STANDARDSDK_420 (ARMV4).ActiveCfg = Release|Win32
		{1380C0D7-37D4-4721-AE99-A672C839F21C}.Release|STANDARDSDK_500 (ARMV4I).ActiveCfg = Release|Win32
		{1380C0D7-37D4-4721-AE99-A672C839F21C}.Release|Win32.ActiveCfg = Release|Win32
		{1380C0D7-37D4-4721-AE99-A672C839F21C}.Release|Win32.Build.0 = Release|Win32
		{1380C0D7-37D4-4721-AE99-A672C839F21C}.Release|Windows Mobile 5.0 Pocket PC SDK (ARMV4I).ActiveCfg = Release|Win32
		{1380C0D7-37D4-4721-AE99-A672C839F21C}.Release|Windows Mobile 5.0 Smartphone SDK (ARMV4I).ActiveCfg = Release|Win32
		{1380C0D7-37D4-4721-AE99-A672C839F21C}.Release|Windows Mobile 6 Professional SDK (ARMV4I).ActiveCfg = Release|Win32
		{1380C0D7-37D4-4721-AE99-A672C839F21C}.Release|Windows Mobile 6 Standard SDK (ARMV4I).ActiveCfg = Release|Win32
	EndGlobalSection
	GlobalSection(SolutionProperties) = preSolution
		HideSolutionNode = FALSE
	EndGlobalSection
EndGlobal
